
Microsoft Visual Studio Solution File, Format Version 12.00
Project("{FAE04EC0-301F-11D3-BF4B-00C04F79EFBC}") = "blockchain-aid-tracker", "blockchain-aid-tracker\blockchain-aid-tracker.csproj", "{5E04EE92-3A93-4D15-8AFD-A7A1D92DCD1B}"
EndProject
Project("{2150E333-8FDC-42A3-9474-1A3956D46DE8}") = "Solution Items", "Solution Items", "{EA6881FC-CF5C-49DE-BA8E-C115BE3037D4}"
	ProjectSection(SolutionItems) = preProject
		compose.yaml = compose.yaml
	EndProjectSection
EndProject
Project("{2150E333-8FDC-42A3-9474-1A3956D46DE8}") = "src", "src", "{827E0CD3-B72D-47B6-A68D-7590B98EB39B}"
EndProject
Project("{FAE04EC0-301F-11D3-BF4B-00C04F79EFBC}") = "BlockchainAidTracker.Core", "src\BlockchainAidTracker.Core\BlockchainAidTracker.Core.csproj", "{6BDBBDAA-AD6F-434A-B278-E1B922C56ED3}"
EndProject
Project("{FAE04EC0-301F-11D3-BF4B-00C04F79EFBC}") = "BlockchainAidTracker.Blockchain", "src\BlockchainAidTracker.Blockchain\BlockchainAidTracker.Blockchain.csproj", "{9369722E-4035-476C-9BE7-095531670A8A}"
EndProject
Project("{FAE04EC0-301F-11D3-BF4B-00C04F79EFBC}") = "BlockchainAidTracker.DataAccess", "src\BlockchainAidTracker.DataAccess\BlockchainAidTracker.DataAccess.csproj", "{ED0D1C26-4BAB-440B-8EF9-CF05189072DC}"
EndProject
Project("{FAE04EC0-301F-11D3-BF4B-00C04F79EFBC}") = "BlockchainAidTracker.Services", "src\BlockchainAidTracker.Services\BlockchainAidTracker.Services.csproj", "{FBE5BA1B-6E87-4FA0-8197-1C053645D2E3}"
EndProject
Project("{FAE04EC0-301F-11D3-BF4B-00C04F79EFBC}") = "BlockchainAidTracker.Cryptography", "src\BlockchainAidTracker.Cryptography\BlockchainAidTracker.Cryptography.csproj", "{0893D7C5-6A4C-4CE4-89B9-8422458BF823}"
EndProject
Project("{FAE04EC0-301F-11D3-BF4B-00C04F79EFBC}") = "BlockchainAidTracker.Api", "src\BlockchainAidTracker.Api\BlockchainAidTracker.Api.csproj", "{E019043A-3CEF-4EF8-947C-183C664B2BC7}"
EndProject
Project("{FAE04EC0-301F-11D3-BF4B-00C04F79EFBC}") = "BlockchainAidTracker.Web", "src\BlockchainAidTracker.Web\BlockchainAidTracker.Web.csproj", "{8850B744-A3A0-4F89-BB77-7D6720C26C20}"
EndProject
Global
	GlobalSection(SolutionConfigurationPlatforms) = preSolution
		Debug|Any CPU = Debug|Any CPU
		Debug|x64 = Debug|x64
		Debug|x86 = Debug|x86
		Release|Any CPU = Release|Any CPU
		Release|x64 = Release|x64
		Release|x86 = Release|x86
	EndGlobalSection
	GlobalSection(ProjectConfigurationPlatforms) = postSolution
		{5E04EE92-3A93-4D15-8AFD-A7A1D92DCD1B}.Debug|Any CPU.ActiveCfg = Debug|Any CPU
		{5E04EE92-3A93-4D15-8AFD-A7A1D92DCD1B}.Debug|Any CPU.Build.0 = Debug|Any CPU
		{5E04EE92-3A93-4D15-8AFD-A7A1D92DCD1B}.Debug|x64.ActiveCfg = Debug|Any CPU
		{5E04EE92-3A93-4D15-8AFD-A7A1D92DCD1B}.Debug|x64.Build.0 = Debug|Any CPU
		{5E04EE92-3A93-4D15-8AFD-A7A1D92DCD1B}.Debug|x86.ActiveCfg = Debug|Any CPU
		{5E04EE92-3A93-4D15-8AFD-A7A1D92DCD1B}.Debug|x86.Build.0 = Debug|Any CPU
		{5E04EE92-3A93-4D15-8AFD-A7A1D92DCD1B}.Release|Any CPU.ActiveCfg = Release|Any CPU
		{5E04EE92-3A93-4D15-8AFD-A7A1D92DCD1B}.Release|Any CPU.Build.0 = Release|Any CPU
		{5E04EE92-3A93-4D15-8AFD-A7A1D92DCD1B}.Release|x64.ActiveCfg = Release|Any CPU
		{5E04EE92-3A93-4D15-8AFD-A7A1D92DCD1B}.Release|x64.Build.0 = Release|Any CPU
		{5E04EE92-3A93-4D15-8AFD-A7A1D92DCD1B}.Release|x86.ActiveCfg = Release|Any CPU
		{5E04EE92-3A93-4D15-8AFD-A7A1D92DCD1B}.Release|x86.Build.0 = Release|Any CPU
		{6BDBBDAA-AD6F-434A-B278-E1B922C56ED3}.Debug|Any CPU.ActiveCfg = Debug|Any CPU
		{6BDBBDAA-AD6F-434A-B278-E1B922C56ED3}.Debug|Any CPU.Build.0 = Debug|Any CPU
		{6BDBBDAA-AD6F-434A-B278-E1B922C56ED3}.Debug|x64.ActiveCfg = Debug|Any CPU
		{6BDBBDAA-AD6F-434A-B278-E1B922C56ED3}.Debug|x64.Build.0 = Debug|Any CPU
		{6BDBBDAA-AD6F-434A-B278-E1B922C56ED3}.Debug|x86.ActiveCfg = Debug|Any CPU
		{6BDBBDAA-AD6F-434A-B278-E1B922C56ED3}.Debug|x86.Build.0 = Debug|Any CPU
		{6BDBBDAA-AD6F-434A-B278-E1B922C56ED3}.Release|Any CPU.ActiveCfg = Release|Any CPU
		{6BDBBDAA-AD6F-434A-B278-E1B922C56ED3}.Release|Any CPU.Build.0 = Release|Any CPU
		{6BDBBDAA-AD6F-434A-B278-E1B922C56ED3}.Release|x64.ActiveCfg = Release|Any CPU
		{6BDBBDAA-AD6F-434A-B278-E1B922C56ED3}.Release|x64.Build.0 = Release|Any CPU
		{6BDBBDAA-AD6F-434A-B278-E1B922C56ED3}.Release|x86.ActiveCfg = Release|Any CPU
		{6BDBBDAA-AD6F-434A-B278-E1B922C56ED3}.Release|x86.Build.0 = Release|Any CPU
		{9369722E-4035-476C-9BE7-095531670A8A}.Debug|Any CPU.ActiveCfg = Debug|Any CPU
		{9369722E-4035-476C-9BE7-095531670A8A}.Debug|Any CPU.Build.0 = Debug|Any CPU
		{9369722E-4035-476C-9BE7-095531670A8A}.Debug|x64.ActiveCfg = Debug|Any CPU
		{9369722E-4035-476C-9BE7-095531670A8A}.Debug|x64.Build.0 = Debug|Any CPU
		{9369722E-4035-476C-9BE7-095531670A8A}.Debug|x86.ActiveCfg = Debug|Any CPU
		{9369722E-4035-476C-9BE7-095531670A8A}.Debug|x86.Build.0 = Debug|Any CPU
		{9369722E-4035-476C-9BE7-095531670A8A}.Release|Any CPU.ActiveCfg = Release|Any CPU
		{9369722E-4035-476C-9BE7-095531670A8A}.Release|Any CPU.Build.0 = Release|Any CPU
		{9369722E-4035-476C-9BE7-095531670A8A}.Release|x64.ActiveCfg = Release|Any CPU
		{9369722E-4035-476C-9BE7-095531670A8A}.Release|x64.Build.0 = Release|Any CPU
		{9369722E-4035-476C-9BE7-095531670A8A}.Release|x86.ActiveCfg = Release|Any CPU
		{9369722E-4035-476C-9BE7-095531670A8A}.Release|x86.Build.0 = Release|Any CPU
		{ED0D1C26-4BAB-440B-8EF9-CF05189072DC}.Debug|Any CPU.ActiveCfg = Debug|Any CPU
		{ED0D1C26-4BAB-440B-8EF9-CF05189072DC}.Debug|Any CPU.Build.0 = Debug|Any CPU
		{ED0D1C26-4BAB-440B-8EF9-CF05189072DC}.Debug|x64.ActiveCfg = Debug|Any CPU
		{ED0D1C26-4BAB-440B-8EF9-CF05189072DC}.Debug|x64.Build.0 = Debug|Any CPU
		{ED0D1C26-4BAB-440B-8EF9-CF05189072DC}.Debug|x86.ActiveCfg = Debug|Any CPU
		{ED0D1C26-4BAB-440B-8EF9-CF05189072DC}.Debug|x86.Build.0 = Debug|Any CPU
		{ED0D1C26-4BAB-440B-8EF9-CF05189072DC}.Release|Any CPU.ActiveCfg = Release|Any CPU
		{ED0D1C26-4BAB-440B-8EF9-CF05189072DC}.Release|Any CPU.Build.0 = Release|Any CPU
		{ED0D1C26-4BAB-440B-8EF9-CF05189072DC}.Release|x64.ActiveCfg = Release|Any CPU
		{ED0D1C26-4BAB-440B-8EF9-CF05189072DC}.Release|x64.Build.0 = Release|Any CPU
		{ED0D1C26-4BAB-440B-8EF9-CF05189072DC}.Release|x86.ActiveCfg = Release|Any CPU
		{ED0D1C26-4BAB-440B-8EF9-CF05189072DC}.Release|x86.Build.0 = Release|Any CPU
		{FBE5BA1B-6E87-4FA0-8197-1C053645D2E3}.Debug|Any CPU.ActiveCfg = Debug|Any CPU
		{FBE5BA1B-6E87-4FA0-8197-1C053645D2E3}.Debug|Any CPU.Build.0 = Debug|Any CPU
		{FBE5BA1B-6E87-4FA0-8197-1C053645D2E3}.Debug|x64.ActiveCfg = Debug|Any CPU
		{FBE5BA1B-6E87-4FA0-8197-1C053645D2E3}.Debug|x64.Build.0 = Debug|Any CPU
		{FBE5BA1B-6E87-4FA0-8197-1C053645D2E3}.Debug|x86.ActiveCfg = Debug|Any CPU
		{FBE5BA1B-6E87-4FA0-8197-1C053645D2E3}.Debug|x86.Build.0 = Debug|Any CPU
		{FBE5BA1B-6E87-4FA0-8197-1C053645D2E3}.Release|Any CPU.ActiveCfg = Release|Any CPU
		{FBE5BA1B-6E87-4FA0-8197-1C053645D2E3}.Release|Any CPU.Build.0 = Release|Any CPU
		{FBE5BA1B-6E87-4FA0-8197-1C053645D2E3}.Release|x64.ActiveCfg = Release|Any CPU
		{FBE5BA1B-6E87-4FA0-8197-1C053645D2E3}.Release|x64.Build.0 = Release|Any CPU
		{FBE5BA1B-6E87-4FA0-8197-1C053645D2E3}.Release|x86.ActiveCfg = Release|Any CPU
		{FBE5BA1B-6E87-4FA0-8197-1C053645D2E3}.Release|x86.Build.0 = Release|Any CPU
		{0893D7C5-6A4C-4CE4-89B9-8422458BF823}.Debug|Any CPU.ActiveCfg = Debug|Any CPU
		{0893D7C5-6A4C-4CE4-89B9-8422458BF823}.Debug|Any CPU.Build.0 = Debug|Any CPU
		{0893D7C5-6A4C-4CE4-89B9-8422458BF823}.Debug|x64.ActiveCfg = Debug|Any CPU
		{0893D7C5-6A4C-4CE4-89B9-8422458BF823}.Debug|x64.Build.0 = Debug|Any CPU
		{0893D7C5-6A4C-4CE4-89B9-8422458BF823}.Debug|x86.ActiveCfg = Debug|Any CPU
		{0893D7C5-6A4C-4CE4-89B9-8422458BF823}.Debug|x86.Build.0 = Debug|Any CPU
		{0893D7C5-6A4C-4CE4-89B9-8422458BF823}.Release|Any CPU.ActiveCfg = Release|Any CPU
		{0893D7C5-6A4C-4CE4-89B9-8422458BF823}.Release|Any CPU.Build.0 = Release|Any CPU
		{0893D7C5-6A4C-4CE4-89B9-8422458BF823}.Release|x64.ActiveCfg = Release|Any CPU
		{0893D7C5-6A4C-4CE4-89B9-8422458BF823}.Release|x64.Build.0 = Release|Any CPU
		{0893D7C5-6A4C-4CE4-89B9-8422458BF823}.Release|x86.ActiveCfg = Release|Any CPU
		{0893D7C5-6A4C-4CE4-89B9-8422458BF823}.Release|x86.Build.0 = Release|Any CPU
		{E019043A-3CEF-4EF8-947C-183C664B2BC7}.Debug|Any CPU.ActiveCfg = Debug|Any CPU
		{E019043A-3CEF-4EF8-947C-183C664B2BC7}.Debug|Any CPU.Build.0 = Debug|Any CPU
		{E019043A-3CEF-4EF8-947C-183C664B2BC7}.Debug|x64.ActiveCfg = Debug|Any CPU
		{E019043A-3CEF-4EF8-947C-183C664B2BC7}.Debug|x64.Build.0 = Debug|Any CPU
		{E019043A-3CEF-4EF8-947C-183C664B2BC7}.Debug|x86.ActiveCfg = Debug|Any CPU
		{E019043A-3CEF-4EF8-947C-183C664B2BC7}.Debug|x86.Build.0 = Debug|Any CPU
		{E019043A-3CEF-4EF8-947C-183C664B2BC7}.Release|Any CPU.ActiveCfg = Release|Any CPU
		{E019043A-3CEF-4EF8-947C-183C664B2BC7}.Release|Any CPU.Build.0 = Release|Any CPU
		{E019043A-3CEF-4EF8-947C-183C664B2BC7}.Release|x64.ActiveCfg = Release|Any CPU
		{E019043A-3CEF-4EF8-947C-183C664B2BC7}.Release|x64.Build.0 = Release|Any CPU
		{E019043A-3CEF-4EF8-947C-183C664B2BC7}.Release|x86.ActiveCfg = Release|Any CPU
		{E019043A-3CEF-4EF8-947C-183C664B2BC7}.Release|x86.Build.0 = Release|Any CPU
		{8850B744-A3A0-4F89-BB77-7D6720C26C20}.Debug|Any CPU.ActiveCfg = Debug|Any CPU
		{8850B744-A3A0-4F89-BB77-7D6720C26C20}.Debug|Any CPU.Build.0 = Debug|Any CPU
		{8850B744-A3A0-4F89-BB77-7D6720C26C20}.Debug|x64.ActiveCfg = Debug|Any CPU
		{8850B744-A3A0-4F89-BB77-7D6720C26C20}.Debug|x64.Build.0 = Debug|Any CPU
		{8850B744-A3A0-4F89-BB77-7D6720C26C20}.Debug|x86.ActiveCfg = Debug|Any CPU
		{8850B744-A3A0-4F89-BB77-7D6720C26C20}.Debug|x86.Build.0 = Debug|Any CPU
		{8850B744-A3A0-4F89-BB77-7D6720C26C20}.Release|Any CPU.ActiveCfg = Release|Any CPU
		{8850B744-A3A0-4F89-BB77-7D6720C26C20}.Release|Any CPU.Build.0 = Release|Any CPU
		{8850B744-A3A0-4F89-BB77-7D6720C26C20}.Release|x64.ActiveCfg = Release|Any CPU
		{8850B744-A3A0-4F89-BB77-7D6720C26C20}.Release|x64.Build.0 = Release|Any CPU
		{8850B744-A3A0-4F89-BB77-7D6720C26C20}.Release|x86.ActiveCfg = Release|Any CPU
		{8850B744-A3A0-4F89-BB77-7D6720C26C20}.Release|x86.Build.0 = Release|Any CPU
	EndGlobalSection
	GlobalSection(SolutionProperties) = preSolution
		HideSolutionNode = FALSE
	EndGlobalSection
	GlobalSection(NestedProjects) = preSolution
		{6BDBBDAA-AD6F-434A-B278-E1B922C56ED3} = {827E0CD3-B72D-47B6-A68D-7590B98EB39B}
		{9369722E-4035-476C-9BE7-095531670A8A} = {827E0CD3-B72D-47B6-A68D-7590B98EB39B}
		{ED0D1C26-4BAB-440B-8EF9-CF05189072DC} = {827E0CD3-B72D-47B6-A68D-7590B98EB39B}
		{FBE5BA1B-6E87-4FA0-8197-1C053645D2E3} = {827E0CD3-B72D-47B6-A68D-7590B98EB39B}
		{0893D7C5-6A4C-4CE4-89B9-8422458BF823} = {827E0CD3-B72D-47B6-A68D-7590B98EB39B}
		{E019043A-3CEF-4EF8-947C-183C664B2BC7} = {827E0CD3-B72D-47B6-A68D-7590B98EB39B}
		{8850B744-A3A0-4F89-BB77-7D6720C26C20} = {827E0CD3-B72D-47B6-A68D-7590B98EB39B}
	EndGlobalSection
EndGlobal
